
Microsoft Visual Studio Solution File, Format Version 12.00
# Visual Studio Version 17
VisualStudioVersion = 17.5.002.0
MinimumVisualStudioVersion = 10.0.40219.1
Project("{9A19103F-16F7-4668-BE54-9A1E7A4F7556}") = "cosmos", "cosmos.csproj", "{76786DBA-7A68-41D2-BF1F-35685AA8475C}"
EndProject
Global
	GlobalSection(SolutionConfigurationPlatforms) = preSolution
		Debug|Any CPU = Debug|Any CPU
		Release|Any CPU = Release|Any CPU
	EndGlobalSection
	GlobalSection(ProjectConfigurationPlatforms) = postSolution
		{76786DBA-7A68-41D2-BF1F-35685AA8475C}.Debug|Any CPU.ActiveCfg = Debug|Any CPU
		{76786DBA-7A68-41D2-BF1F-35685AA8475C}.Debug|Any CPU.Build.0 = Debug|Any CPU
		{76786DBA-7A68-41D2-BF1F-35685AA8475C}.Release|Any CPU.ActiveCfg = Release|Any CPU
		{76786DBA-7A68-41D2-BF1F-35685AA8475C}.Release|Any CPU.Build.0 = Release|Any CPU
	EndGlobalSection
	GlobalSection(SolutionProperties) = preSolution
		HideSolutionNode = FALSE
	EndGlobalSection
	GlobalSection(ExtensibilityGlobals) = postSolution
		SolutionGuid = {82615639-2389-440E-B458-6D9FFA8BA823}
	EndGlobalSection
EndGlobal
